# THIS IS AN AUTOGENERATED FILE. DO NOT EDIT THIS FILE DIRECTLY.
# yarn lockfile v1


"@esbuild/android-arm@0.15.8":
  version "0.15.8"
  resolved "https://registry.yarnpkg.com/@esbuild/android-arm/-/android-arm-0.15.8.tgz#52b094c98e415ec72fab39827c12f2051ac9c550"
  integrity sha512-CyEWALmn+no/lbgbAJsbuuhT8s2J19EJGHkeyAwjbFJMrj80KJ9zuYsoAvidPTU7BgBf87r/sgae8Tw0dbOc4Q==
  dependencies:
    esbuild-wasm "0.15.8"

"@esbuild/linux-loong64@0.15.8":
  version "0.15.8"
  resolved "https://registry.yarnpkg.com/@esbuild/linux-loong64/-/linux-loong64-0.15.8.tgz#d64575fc46bf4eb689352aa9f8a139271b6e1647"
  integrity sha512-pE5RQsOTSERCtfZdfCT25wzo7dfhOSlhAXcsZmuvRYhendOv7djcdvtINdnDp2DAjP17WXlBB4nBO6sHLczmsg==

"@types/chai-subset@^1.3.3":
  version "1.3.3"
  resolved "https://registry.yarnpkg.com/@types/chai-subset/-/chai-subset-1.3.3.tgz#97893814e92abd2c534de422cb377e0e0bdaac94"
  integrity sha512-frBecisrNGz+F4T6bcc+NLeolfiojh5FxW2klu669+8BARtyQv2C/GkNW6FUodVe4BroGMP/wER/YDGc7rEllw==
  dependencies:
    "@types/chai" "*"

"@types/chai@*", "@types/chai@^4.3.3":
  version "4.3.3"
  resolved "https://registry.yarnpkg.com/@types/chai/-/chai-4.3.3.tgz#3c90752792660c4b562ad73b3fbd68bf3bc7ae07"
  integrity sha512-hC7OMnszpxhZPduX+m+nrx+uFoLkWOMiR4oa/AZF3MuSETYTZmFfJAHqZEM8MVlvfG7BEUcgvtwoCTxBp6hm3g==

"@types/node@*", "@types/node@^18.7.15":
  version "18.7.18"
  resolved "https://registry.yarnpkg.com/@types/node/-/node-18.7.18.tgz#633184f55c322e4fb08612307c274ee6d5ed3154"
  integrity sha512-m+6nTEOadJZuTPkKR/SYK3A2d7FZrgElol9UP1Kae90VVU4a6mxnPuLiIW1m4Cq4gZ/nWb9GrdVXJCoCazDAbg==

"@types/prop-types@*":
  version "15.7.5"
  resolved "https://registry.yarnpkg.com/@types/prop-types/-/prop-types-15.7.5.tgz#5f19d2b85a98e9558036f6a3cacc8819420f05cf"
  integrity sha512-JCB8C6SnDoQf0cNycqd/35A7MjcnK+ZTqE7judS6o7utxUCg6imJg3QK2qzHKszlTjcj2cn+NwMB2i96ubpj7w==

"@types/react-reconciler@^0.26.7":
  version "0.26.7"
  resolved "https://registry.yarnpkg.com/@types/react-reconciler/-/react-reconciler-0.26.7.tgz#0c4643f30821ae057e401b0d9037e03e8e9b2a36"
  integrity sha512-mBDYl8x+oyPX/VBb3E638N0B7xG+SPk/EAMcVPeexqus/5aTpTphQi0curhhshOqRrc9t6OPoJfEUkbymse/lQ==
  dependencies:
    "@types/react" "*"

"@types/react-reconciler@^0.28.0":
  version "0.28.0"
  resolved "https://registry.yarnpkg.com/@types/react-reconciler/-/react-reconciler-0.28.0.tgz#513acbed173140e958c909041ca14eb40412077f"
  integrity sha512-5cjk9ottZAj7eaTsqzPUIlrVbh3hBAO2YaEL1rkjHKB3xNAId7oU8GhzvAX+gfmlfoxTwJnBjPxEHyxkEA1Ffg==
  dependencies:
    "@types/react" "*"

"@types/react-test-renderer@^18.0.0":
  version "18.0.0"
  resolved "https://registry.yarnpkg.com/@types/react-test-renderer/-/react-test-renderer-18.0.0.tgz#7b7f69ca98821ea5501b21ba24ea7b6139da2243"
  integrity sha512-C7/5FBJ3g3sqUahguGi03O79b8afNeSD6T8/GU50oQrJCU0bVCCGQHaGKUbg2Ce8VQEEqTw8/HiS6lXHHdgkdQ==
  dependencies:
    "@types/react" "*"

"@types/react@*", "@types/react@^18.0.17":
  version "18.0.20"
  resolved "https://registry.yarnpkg.com/@types/react/-/react-18.0.20.tgz#e4c36be3a55eb5b456ecf501bd4a00fd4fd0c9ab"
  integrity sha512-MWul1teSPxujEHVwZl4a5HxQ9vVNsjTchVA+xRqv/VYGCuKGAU6UhfrTdF5aBefwD1BHUD8i/zq+O/vyCm/FrA==
  dependencies:
    "@types/prop-types" "*"
    "@types/scheduler" "*"
    csstype "^3.0.2"

"@types/scheduler@*":
  version "0.16.2"
  resolved "https://registry.yarnpkg.com/@types/scheduler/-/scheduler-0.16.2.tgz#1a62f89525723dde24ba1b01b092bf5df8ad4d39"
  integrity sha512-hppQEBDmlwhFAXKJX2KnWLYu5yMfi91yazPb2l+lbJiwW+wdo1gNeRA+3RgNSO39WYX2euey41KEwnqesU2Jew==

acorn@^8.8.0:
  version "8.8.0"
  resolved "https://registry.yarnpkg.com/acorn/-/acorn-8.8.0.tgz#88c0187620435c7f6015803f5539dae05a9dbea8"
  integrity sha512-QOxyigPVrpZ2GXT+PFyZTl6TtOFc5egxHIP9IlQ+RbupQuX4RkT/Bee4/kQuC02Xkzg84JcT7oLYtDIQxp+v7w==

assertion-error@^1.1.0:
  version "1.1.0"
  resolved "https://registry.yarnpkg.com/assertion-error/-/assertion-error-1.1.0.tgz#e60b6b0e8f301bd97e5375215bda406c85118c0b"
  integrity sha512-jgsaNduz+ndvGyFt3uSuWqvy4lCnIJiovtouQN5JZHOKCS2QuhEdbcQHFhVksz2N2U9hXJo8odG7ETyWlEeuDw==

balanced-match@^1.0.0:
  version "1.0.2"
  resolved "https://registry.yarnpkg.com/balanced-match/-/balanced-match-1.0.2.tgz#e83e3a7e3f300b34cb9d87f615fa0cbf357690ee"
  integrity sha512-3oSeUO0TMV67hN1AmbXsK4yaqU7tjiHlbxRDZOpH0KW9+CeX4bRAaX0Anxt0tx2MrpRpWwQaPwIlISEJhYU5Pw==

brace-expansion@^1.1.7:
  version "1.1.11"
  resolved "https://registry.yarnpkg.com/brace-expansion/-/brace-expansion-1.1.11.tgz#3c7fcbf529d87226f3d2f52b966ff5271eb441dd"
  integrity sha512-iCuPHDFgrHX7H2vEI/5xpz07zSHB00TpugqhmYtVmMO6518mCuRMoOYFldEBl0g187ufozdaHgWKcYFb61qGiA==
  dependencies:
    balanced-match "^1.0.0"
    concat-map "0.0.1"

chai@^4.3.6:
  version "4.3.6"
  resolved "https://registry.yarnpkg.com/chai/-/chai-4.3.6.tgz#ffe4ba2d9fa9d6680cc0b370adae709ec9011e9c"
  integrity sha512-bbcp3YfHCUzMOvKqsztczerVgBKSsEijCySNlHHbX3VG1nskvqjz5Rfso1gGwD6w6oOV3eI60pKuMOV5MV7p3Q==
  dependencies:
    assertion-error "^1.1.0"
    check-error "^1.0.2"
    deep-eql "^3.0.1"
    get-func-name "^2.0.0"
    loupe "^2.3.1"
    pathval "^1.1.1"
    type-detect "^4.0.5"

check-error@^1.0.2:
  version "1.0.2"
  resolved "https://registry.yarnpkg.com/check-error/-/check-error-1.0.2.tgz#574d312edd88bb5dd8912e9286dd6c0aed4aac82"
  integrity sha512-BrgHpW9NURQgzoNyjfq0Wu6VFO6D7IZEmJNdtgNqpzGG8RuNFHt2jQxWlAs4HMe119chBnv+34syEZtc6IhLtA==

concat-map@0.0.1:
  version "0.0.1"
  resolved "https://registry.yarnpkg.com/concat-map/-/concat-map-0.0.1.tgz#d8a96bd77fd68df7793a73036a3ba0d5405d477b"
  integrity sha512-/Srv4dswyQNBfohGpz9o6Yb3Gz3SrUDqBH5rTuhGR7ahtlbYKnVxw2bCFMRljaA7EXHaXZ8wsHdodFvbkhKmqg==

csstype@^3.0.2:
  version "3.1.1"
  resolved "https://registry.yarnpkg.com/csstype/-/csstype-3.1.1.tgz#841b532c45c758ee546a11d5bd7b7b473c8c30b9"
  integrity sha512-DJR/VvkAvSZW9bTouZue2sSxDwdTN92uHjqeKVm+0dAqdfNykRzQ95tay8aXMBAAPpUiq4Qcug2L7neoRh2Egw==

debug@^4.3.4:
  version "4.3.4"
  resolved "https://registry.yarnpkg.com/debug/-/debug-4.3.4.tgz#1319f6579357f2338d3337d2cdd4914bb5dcc865"
  integrity sha512-PRWFHuSU3eDtQJPvnNY7Jcket1j0t5OuOsFzPPzsekD52Zl8qUfFIPEiswXqIvHWGVHOgX+7G/vCNNhehwxfkQ==
  dependencies:
    ms "2.1.2"

deep-eql@^3.0.1:
  version "3.0.1"
  resolved "https://registry.yarnpkg.com/deep-eql/-/deep-eql-3.0.1.tgz#dfc9404400ad1c8fe023e7da1df1c147c4b444df"
  integrity sha512-+QeIQyN5ZuO+3Uk5DYh6/1eKO0m0YmJFGNmFHGACpf1ClL1nmlV/p4gNgbl2pJGxgXb4faqo6UE+M5ACEMyVcw==
  dependencies:
    type-detect "^4.0.0"

esbuild-android-64@0.15.8:
  version "0.15.8"
  resolved "https://registry.yarnpkg.com/esbuild-android-64/-/esbuild-android-64-0.15.8.tgz#625863e705d4ed32a3b4c0b997dbf9454d50a455"
  integrity sha512-bVh8FIKOolF7/d4AMzt7xHlL0Ljr+mYKSHI39TJWDkybVWHdn6+4ODL3xZGHOxPpdRpitemXA1WwMKYBsw8dGw==
  dependencies:
    esbuild-wasm "0.15.8"

esbuild-android-arm64@0.15.8:
  version "0.15.8"
  resolved "https://registry.yarnpkg.com/esbuild-android-arm64/-/esbuild-android-arm64-0.15.8.tgz#cd62afe08652ac146014386d3adbe7a9d33db1b0"
  integrity sha512-ReAMDAHuo0H1h9LxRabI6gwYPn8k6WiUeyxuMvx17yTrJO+SCnIfNc/TSPFvDwtK9MiyiKG/2dBYHouT/M0BXQ==

esbuild-darwin-64@0.15.8:
  version "0.15.8"
  resolved "https://registry.yarnpkg.com/esbuild-darwin-64/-/esbuild-darwin-64-0.15.8.tgz#eb668dc973165f85aefecdca8aa60231acb2f705"
  integrity sha512-KaKcGfJ+yto7Fo5gAj3xwxHMd1fBIKatpCHK8znTJLVv+9+NN2/tIPBqA4w5rBwjX0UqXDeIE2v1xJP+nGEXgA==

esbuild-darwin-arm64@0.15.8:
  version "0.15.8"
  resolved "https://registry.yarnpkg.com/esbuild-darwin-arm64/-/esbuild-darwin-arm64-0.15.8.tgz#91c110daa46074fdfc18f411247ca0d1228aacc3"
  integrity sha512-8tjEaBgAKnXCkP7bhEJmEqdG9HEV6oLkF36BrMzpfW2rgaw0c48Zrxe+9RlfeGvs6gDF4w+agXyTjikzsS3izw==

esbuild-freebsd-64@0.15.8:
  version "0.15.8"
  resolved "https://registry.yarnpkg.com/esbuild-freebsd-64/-/esbuild-freebsd-64-0.15.8.tgz#22270945a9bf9107c340eb73922e122bbe84f8ad"
  integrity sha512-jaxcsGHYzn2L0/lffON2WfH4Nc+d/EwozVTP5K2v016zxMb5UQMhLoJzvLgBqHT1SG0B/mO+a+THnJCMVg15zw==

esbuild-freebsd-arm64@0.15.8:
  version "0.15.8"
  resolved "https://registry.yarnpkg.com/esbuild-freebsd-arm64/-/esbuild-freebsd-arm64-0.15.8.tgz#0efe2741fbcaa2cfd31b9f94bd3ca7385b68c469"
  integrity sha512-2xp2UlljMvX8HExtcg7VHaeQk8OBU0CSl1j18B5CcZmSDkLF9p3utuMXIopG3a08fr9Hv+Dz6+seSXUow/G51w==

esbuild-linux-32@0.15.8:
  version "0.15.8"
  resolved "https://registry.yarnpkg.com/esbuild-linux-32/-/esbuild-linux-32-0.15.8.tgz#6fc98659105da5c0d1fedfce3b7b9fa24ebee0d4"
  integrity sha512-9u1E54BRz1FQMl86iaHK146+4ID2KYNxL3trLZT4QLLx3M7Q9n4lGG3lrzqUatGR2cKy8c33b0iaCzsItZWkFg==

esbuild-linux-64@0.15.8:
  version "0.15.8"
  resolved "https://registry.yarnpkg.com/esbuild-linux-64/-/esbuild-linux-64-0.15.8.tgz#8e738c926d145cdd4e9bcb2febc96d89dc27dc09"
  integrity sha512-4HxrsN9eUzJXdVGMTYA5Xler82FuZUu21bXKN42zcLHHNKCAMPUzD62I+GwDhsdgUBAUj0tRXDdsQHgaP6v0HA==

esbuild-linux-arm64@0.15.8:
  version "0.15.8"
  resolved "https://registry.yarnpkg.com/esbuild-linux-arm64/-/esbuild-linux-arm64-0.15.8.tgz#a12675e5a56e8ef08dea49da8eed51a87b0e60d6"
  integrity sha512-1OCm7Aq0tEJT70PbxmHSGYDLYP8DKH8r4Nk7/XbVzWaduo9beCjGBB+tGZIHK6DdTQ3h00/4Tb/70YMH/bOtKg==

esbuild-linux-arm@0.15.8:
  version "0.15.8"
  resolved "https://registry.yarnpkg.com/esbuild-linux-arm/-/esbuild-linux-arm-0.15.8.tgz#6424da1e8a3ece78681ebee4a70477b40c36ab35"
  integrity sha512-7DVBU9SFjX4+vBwt8tHsUCbE6Vvl6y6FQWHAgyw1lybC5gULqn/WnjHYHN2/LJaZRsDBvxWT4msEgwLGq1Wd3Q==

esbuild-linux-mips64le@0.15.8:
  version "0.15.8"
  resolved "https://registry.yarnpkg.com/esbuild-linux-mips64le/-/esbuild-linux-mips64le-0.15.8.tgz#5b39a16272cb4eaaad1f24938c057b19fb5a0ee5"
  integrity sha512-yeFoNPVFPEzZvFYBfUQNG2TjGRaCyV1E27OcOg4LOtnGrxb2wA+mkW3luckyv1CEyd00mpAg7UdHx8nlx3ghgA==

esbuild-linux-ppc64le@0.15.8:
  version "0.15.8"
  resolved "https://registry.yarnpkg.com/esbuild-linux-ppc64le/-/esbuild-linux-ppc64le-0.15.8.tgz#98ea8cfae8227180b45b2d952b2cbb072900944f"
  integrity sha512-CEyMMUUNabXibw8OSNmBXhOIGhnjNVl5Lpseiuf00iKN0V47oqDrbo4dsHz1wH62m49AR8iG8wpDlTqfYgKbtg==

esbuild-linux-riscv64@0.15.8:
  version "0.15.8"
  resolved "https://registry.yarnpkg.com/esbuild-linux-riscv64/-/esbuild-linux-riscv64-0.15.8.tgz#6334607025eb449d8dd402d7810721dc15a6210f"
  integrity sha512-OCGSOaspMUjexSCU8ZiA0UnV/NiRU+s2vIfEcAQWQ6u32R+2luyfh/4ZaY6jFbylJE07Esc/yRvb9Q5fXuClXA==

esbuild-linux-s390x@0.15.8:
  version "0.15.8"
  resolved "https://registry.yarnpkg.com/esbuild-linux-s390x/-/esbuild-linux-s390x-0.15.8.tgz#874f1a3507c32cce1d2ce0d2f28ac1496c094eab"
  integrity sha512-RHdpdfxRTSrZXZJlFSLazFU4YwXLB5Rgf6Zr5rffqSsO4y9JybgtKO38bFwxZNlDXliYISXN/YROKrG9s7mZQA==

esbuild-netbsd-64@0.15.8:
  version "0.15.8"
  resolved "https://registry.yarnpkg.com/esbuild-netbsd-64/-/esbuild-netbsd-64-0.15.8.tgz#2e03d87ed811400d5d1fa8c7629b9fd97a574231"
  integrity sha512-VolFFRatBH09T5QMWhiohAWCOien1R1Uz9K0BRVVTBgBaVBt7eArsXTKxVhUgRf2vwu2c2SXkuP0r7HLG0eozw==

esbuild-openbsd-64@0.15.8:
  version "0.15.8"
  resolved "https://registry.yarnpkg.com/esbuild-openbsd-64/-/esbuild-openbsd-64-0.15.8.tgz#8fdbc6399563ac61ff546449e2226a2b1477216c"
  integrity sha512-HTAPlg+n4kUeE/isQxlCfsOz0xJGNoT5LJ9oYZWFKABfVf4Ycu7Zlf5ITgOnrdheTkz8JeL/gISIOCFAoOXrSA==

esbuild-sunos-64@0.15.8:
  version "0.15.8"
  resolved "https://registry.yarnpkg.com/esbuild-sunos-64/-/esbuild-sunos-64-0.15.8.tgz#db657b5c09c0c0161d67ddafca1b710a2e7ce96b"
  integrity sha512-qMP/jR/FzcIOwKj+W+Lb+8Cfr8GZHbHUJxAPi7DUhNZMQ/6y7sOgRzlOSpRrbbUntrRZh0MqOyDhJ3Gpo6L1QA==

esbuild-wasm@0.15.8:
  version "0.15.8"
  resolved "https://registry.yarnpkg.com/esbuild-wasm/-/esbuild-wasm-0.15.8.tgz#60fb8c5dc1a5538421857a2fa5fbb9eab908dcbb"
  integrity sha512-Y7uCl5RNO4URjlemjdx++ukVHEMt5s5AfMWYUnMiK4Sry+pPCvQIctzXq6r6FKCyGKjX6/NGMCqR2OX6aLxj0w==

esbuild-windows-32@0.15.8:
  version "0.15.8"
  resolved "https://registry.yarnpkg.com/esbuild-windows-32/-/esbuild-windows-32-0.15.8.tgz#bbb9fe20a8b6bba4428642cacf45a0fb7b2f3783"
  integrity sha512-RKR1QHh4iWzjUhkP8Yqi75PPz/KS+b8zw3wUrzw6oAkj+iU5Qtyj61ZDaSG3Qf2vc6hTIUiPqVTqBH0NpXFNwg==

esbuild-windows-64@0.15.8:
  version "0.15.8"
  resolved "https://registry.yarnpkg.com/esbuild-windows-64/-/esbuild-windows-64-0.15.8.tgz#cedee65505209c8d371d7228b60785c08f43e04d"
  integrity sha512-ag9ptYrsizgsR+PQE8QKeMqnosLvAMonQREpLw4evA4FFgOBMLEat/dY/9txbpozTw9eEOYyD3a4cE9yTu20FA==

esbuild-windows-arm64@0.15.8:
  version "0.15.8"
  resolved "https://registry.yarnpkg.com/esbuild-windows-arm64/-/esbuild-windows-arm64-0.15.8.tgz#1d75235290bf23a111e6c0b03febd324af115cb1"
  integrity sha512-dbpAb0VyPaUs9mgw65KRfQ9rqiWCHpNzrJusoPu+LpEoswosjt/tFxN7cd2l68AT4qWdBkzAjDLRon7uqMeWcg==

esbuild@^0.15.6:
  version "0.15.8"
  resolved "https://registry.yarnpkg.com/esbuild/-/esbuild-0.15.8.tgz#75daa25d03f6dd9cc9355030eba2b93555b42cd4"
  integrity sha512-Remsk2dmr1Ia65sU+QasE6svJbsHe62lzR+CnjpUvbZ+uSYo1SitiOWPRfZQkCu82YWZBBKXiD/j0i//XWMZ+Q==
  optionalDependencies:
    "@esbuild/android-arm" "0.15.8"
    "@esbuild/linux-loong64" "0.15.8"
    esbuild-android-64 "0.15.8"
    esbuild-android-arm64 "0.15.8"
    esbuild-darwin-64 "0.15.8"
    esbuild-darwin-arm64 "0.15.8"
    esbuild-freebsd-64 "0.15.8"
    esbuild-freebsd-arm64 "0.15.8"
    esbuild-linux-32 "0.15.8"
    esbuild-linux-64 "0.15.8"
    esbuild-linux-arm "0.15.8"
    esbuild-linux-arm64 "0.15.8"
    esbuild-linux-mips64le "0.15.8"
    esbuild-linux-ppc64le "0.15.8"
    esbuild-linux-riscv64 "0.15.8"
    esbuild-linux-s390x "0.15.8"
    esbuild-netbsd-64 "0.15.8"
    esbuild-openbsd-64 "0.15.8"
    esbuild-sunos-64 "0.15.8"
    esbuild-windows-32 "0.15.8"
    esbuild-windows-64 "0.15.8"
    esbuild-windows-arm64 "0.15.8"

fs.realpath@^1.0.0:
  version "1.0.0"
  resolved "https://registry.yarnpkg.com/fs.realpath/-/fs.realpath-1.0.0.tgz#1504ad2523158caa40db4a2787cb01411994ea4f"
  integrity sha512-OO0pH2lK6a0hZnAdau5ItzHPI6pUlvI7jMVnxUQRtw4owF2wk8lOSabtGDCTP4Ggrg2MbGnWO9X8K1t4+fGMDw==

fsevents@~2.3.2:
  version "2.3.2"
  resolved "https://registry.yarnpkg.com/fsevents/-/fsevents-2.3.2.tgz#8a526f78b8fdf4623b709e0b975c52c24c02fd1a"
  integrity sha512-xiqMQR4xAeHTuB9uWm+fFRcIOgKBMiOBP+eXiyT7jsgVCq1bkVygt00oASowB7EdtpOHaaPgKt812P9ab+DDKA==

function-bind@^1.1.1:
  version "1.1.1"
  resolved "https://registry.yarnpkg.com/function-bind/-/function-bind-1.1.1.tgz#a56899d3ea3c9bab874bb9773b7c5ede92f4895d"
  integrity sha512-yIovAzMX49sF8Yl58fSCWJ5svSLuaibPxXQJFLmBObTuCr0Mf1KiPopGM9NiFjiYBCbfaa2Fh6breQ6ANVTI0A==

get-func-name@^2.0.0:
  version "2.0.0"
  resolved "https://registry.yarnpkg.com/get-func-name/-/get-func-name-2.0.0.tgz#ead774abee72e20409433a066366023dd6887a41"
  integrity sha512-Hm0ixYtaSZ/V7C8FJrtZIuBBI+iSgL+1Aq82zSu8VQNB4S3Gk8e7Qs3VwBDJAhmRZcFqkl3tQu36g/Foh5I5ig==

glob@^7.1.3:
  version "7.2.3"
  resolved "https://registry.yarnpkg.com/glob/-/glob-7.2.3.tgz#b8df0fb802bbfa8e89bd1d938b4e16578ed44f2b"
  integrity sha512-nFR0zLpU2YCaRxwoCJvL6UvCH2JFyFVIvwTLsIf21AuHlMskA1hhTdk+LlYJtOlYt9v6dvszD2BGRqBL+iQK9Q==
  dependencies:
    fs.realpath "^1.0.0"
    inflight "^1.0.4"
    inherits "2"
    minimatch "^3.1.1"
    once "^1.3.0"
    path-is-absolute "^1.0.0"

has@^1.0.3:
  version "1.0.3"
  resolved "https://registry.yarnpkg.com/has/-/has-1.0.3.tgz#722d7cbfc1f6aa8241f16dd814e011e1f41e8796"
  integrity sha512-f2dvO0VU6Oej7RkWJGrehjbzMAjFp5/VKPp5tTpWIV4JHHZK1/BxbFRtf/siA2SWTe09caDmVtYYzWEIbBS4zw==
  dependencies:
    function-bind "^1.1.1"

inflight@^1.0.4:
  version "1.0.6"
  resolved "https://registry.yarnpkg.com/inflight/-/inflight-1.0.6.tgz#49bd6331d7d02d0c09bc910a1075ba8165b56df9"
  integrity sha512-k92I/b08q4wvFscXCLvqfsHCrjrF7yiXsQuIVvVE7N82W3+aqpzuUdBbfhWcy/FZR3/4IgflMgKLOsvPDrGCJA==
  dependencies:
    once "^1.3.0"
    wrappy "1"

inherits@2:
  version "2.0.4"
  resolved "https://registry.yarnpkg.com/inherits/-/inherits-2.0.4.tgz#0fa2c64f932917c3433a0ded55363aae37416b7c"
  integrity sha512-k/vGaX4/Yla3WzyMCvTQOXYeIHvqOKtnqBduzTHpzpQZzAskKMhZ2K+EnBiSM9zGSoIFeMpXKxa4dYeZIQqewQ==

is-core-module@^2.9.0:
  version "2.10.0"
  resolved "https://registry.yarnpkg.com/is-core-module/-/is-core-module-2.10.0.tgz#9012ede0a91c69587e647514e1d5277019e728ed"
  integrity sha512-Erxj2n/LDAZ7H8WNJXd9tw38GYM3dv8rk8Zcs+jJuxYTW7sozH+SS8NtrSjVL1/vpLvWi1hxy96IzjJ3EHTJJg==
  dependencies:
    has "^1.0.3"

"js-tokens@^3.0.0 || ^4.0.0":
  version "4.0.0"
  resolved "https://registry.yarnpkg.com/js-tokens/-/js-tokens-4.0.0.tgz#19203fb59991df98e3a287050d4647cdeaf32499"
  integrity sha512-RdJUflcE3cUzKiMqQgsCu06FPu9UdIJO0beYbPhHN4k6apgJtifcoCtT9bcxOpYBtpD2kCM6Sbzg4CausW/PKQ==

local-pkg@^0.4.2:
  version "0.4.2"
  resolved "https://registry.yarnpkg.com/local-pkg/-/local-pkg-0.4.2.tgz#13107310b77e74a0e513147a131a2ba288176c2f"
  integrity sha512-mlERgSPrbxU3BP4qBqAvvwlgW4MTg78iwJdGGnv7kibKjWcJksrG3t6LB5lXI93wXRDvG4NpUgJFmTG4T6rdrg==

loose-envify@^1.1.0:
  version "1.4.0"
  resolved "https://registry.yarnpkg.com/loose-envify/-/loose-envify-1.4.0.tgz#71ee51fa7be4caec1a63839f7e682d8132d30caf"
  integrity sha512-lyuxPGr/Wfhrlem2CL/UcnUc1zcqKAImBDzukY7Y5F/yQiNdko6+fRLevlw1HgMySw7f611UIY408EtxRSoK3Q==
  dependencies:
    js-tokens "^3.0.0 || ^4.0.0"

loupe@^2.3.1:
  version "2.3.4"
  resolved "https://registry.yarnpkg.com/loupe/-/loupe-2.3.4.tgz#7e0b9bffc76f148f9be769cb1321d3dcf3cb25f3"
  integrity sha512-OvKfgCC2Ndby6aSTREl5aCCPTNIzlDfQZvZxNUrBrihDhL3xcrYegTblhmEiCrg2kKQz4XsFIaemE5BF4ybSaQ==
  dependencies:
    get-func-name "^2.0.0"

minimatch@^3.1.1:
  version "3.1.2"
  resolved "https://registry.yarnpkg.com/minimatch/-/minimatch-3.1.2.tgz#19cd194bfd3e428f049a70817c038d89ab4be35b"
  integrity sha512-J7p63hRiAjw1NDEww1W7i37+ByIrOWO5XQQAzZ3VOcL0PNybwpfmV/N05zFAzwQ9USyEcX6t3UO+K5aqBQOIHw==
  dependencies:
    brace-expansion "^1.1.7"

ms@2.1.2:
  version "2.1.2"
  resolved "https://registry.yarnpkg.com/ms/-/ms-2.1.2.tgz#d09d1f357b443f493382a8eb3ccd183872ae6009"
  integrity sha512-sGkPx+VjMtmA6MX27oA4FBFELFCZZ4S4XqeGOXCv68tT+jb3vk/RyaKWP0PTKyWtmLSM0b+adUTEvbs1PEaH2w==

nanoid@^3.3.4:
  version "3.3.4"
  resolved "https://registry.yarnpkg.com/nanoid/-/nanoid-3.3.4.tgz#730b67e3cd09e2deacf03c027c81c9d9dbc5e8ab"
  integrity sha512-MqBkQh/OHTS2egovRtLk45wEyNXwF+cokD+1YPf9u5VfJiRdAiRwB2froX5Co9Rh20xs4siNPm8naNotSD6RBw==

object-assign@^4.1.1:
  version "4.1.1"
  resolved "https://registry.yarnpkg.com/object-assign/-/object-assign-4.1.1.tgz#2109adc7965887cfc05cbbd442cac8bfbb360863"
  integrity sha512-rJgTQnkUnH1sFw8yT6VSU3zD3sWmu6sZhIseY8VX+GRu3P6F7Fu+JNDoXfklElbLJSnc3FUQHVe4cU5hj+BcUg==

once@^1.3.0:
  version "1.4.0"
  resolved "https://registry.yarnpkg.com/once/-/once-1.4.0.tgz#583b1aa775961d4b113ac17d9c50baef9dd76bd1"
  integrity sha512-lNaJgI+2Q5URQBkccEKHTQOPaXdUxnZZElQTZY0MFUAuaEqe1E+Nyvgdz/aIyNi6Z9MzO5dv1H8n58/GELp3+w==
  dependencies:
    wrappy "1"

path-is-absolute@^1.0.0:
  version "1.0.1"
  resolved "https://registry.yarnpkg.com/path-is-absolute/-/path-is-absolute-1.0.1.tgz#174b9268735534ffbc7ace6bf53a5a9e1b5c5f5f"
  integrity sha512-AVbw3UJ2e9bq64vSaS9Am0fje1Pa8pbGqTTsmXfaIiMpnr5DlDhfJOuLj9Sf95ZPVDAUerDfEk88MPmPe7UCQg==

path-parse@^1.0.7:
  version "1.0.7"
  resolved "https://registry.yarnpkg.com/path-parse/-/path-parse-1.0.7.tgz#fbc114b60ca42b30d9daf5858e4bd68bbedb6735"
  integrity sha512-LDJzPVEEEPR+y48z93A0Ed0yXb8pAByGWo/k5YYdYgpY2/2EsOsksJrq7lOHxryrVOn1ejG6oAp8ahvOIQD8sw==

pathval@^1.1.1:
  version "1.1.1"
  resolved "https://registry.yarnpkg.com/pathval/-/pathval-1.1.1.tgz#8534e77a77ce7ac5a2512ea21e0fdb8fcf6c3d8d"
  integrity sha512-Dp6zGqpTdETdR63lehJYPeIOqpiNBNtc7BpWSLrOje7UaIsE5aY92r/AunQA7rsXvet3lrJ3JnZX29UPTKXyKQ==

picocolors@^1.0.0:
  version "1.0.0"
  resolved "https://registry.yarnpkg.com/picocolors/-/picocolors-1.0.0.tgz#cb5bdc74ff3f51892236eaf79d68bc44564ab81c"
  integrity sha512-1fygroTLlHu66zi26VoTDv8yRgm0Fccecssto+MhsZ0D/DGW2sm8E8AjW7NU5VVTRt5GxbeZ5qBuJr+HyLYkjQ==

postcss@^8.4.16:
  version "8.4.16"
  resolved "https://registry.yarnpkg.com/postcss/-/postcss-8.4.16.tgz#33a1d675fac39941f5f445db0de4db2b6e01d43c"
  integrity sha512-ipHE1XBvKzm5xI7hiHCZJCSugxvsdq2mPnsq5+UF+VHCjiBvtDrlxJfMBToWaP9D5XlgNmcFGqoHmUn0EYEaRQ==
  dependencies:
    nanoid "^3.3.4"
    picocolors "^1.0.0"
    source-map-js "^1.0.2"

react-is@0.0.0-experimental-eb33bd747-20240312:
  version "0.0.0-experimental-eb33bd747-20240312"
  resolved "https://registry.yarnpkg.com/react-is/-/react-is-0.0.0-experimental-eb33bd747-20240312.tgz#28a0183baa3962b4adf001c2f5736135f352c310"
  integrity sha512-aBsAyMOzIB4xkrKjaWXCeEWuOcx2DOFzR6vvrCAsEAUsViZ7myz5fctsUIqFq36KHy0OsjZCF4i9fz5FiqcD0Q==

"react-is@^16.12.0 || ^17.0.0 || ^18.0.0":
  version "18.2.0"
  resolved "https://registry.yarnpkg.com/react-is/-/react-is-18.2.0.tgz#199431eeaaa2e09f86427efbb4f1473edb47609b"
  integrity sha512-xWGDIW6x921xtzPkhiULtthJHoJvBbF3q26fzloPCK0hsvxtPVelvftw3zjbHWSkR2km9Z+4uxbDDK/6Zw9B8w==

react-nil@^1.2.0:
  version "1.2.0"
  resolved "https://registry.yarnpkg.com/react-nil/-/react-nil-1.2.0.tgz#0f2e110b50cf12bdf1eebf43bfdb4b348a271c11"
  integrity sha512-54yJ8+vFyJlZHiFBLny0RKQ0/FSG32y8pZt0oV7duxaW3lEM9pc6D2Hhnvu0TToJKPCAJ/A5XmjY8nDETxrrGg==
  dependencies:
    "@types/react-reconciler" "^0.26.7"
    react-reconciler "^0.27.0"

react-reconciler@0.0.0-experimental-eb33bd747-20240312:
  version "0.0.0-experimental-eb33bd747-20240312"
  resolved "https://registry.yarnpkg.com/react-reconciler/-/react-reconciler-0.0.0-experimental-eb33bd747-20240312.tgz#871aa7f8c9123db726269dcdaf67a76c5c0aa93c"
  integrity sha512-gaCXF2UiJifUlRTD/Gy+g0fhUEQreyhpM+VwwAuN5EZudOg0oJ/buIriuircSjdfl49p9kxz0TMbac2hfpGWcA==
  dependencies:
    scheduler "0.0.0-experimental-eb33bd747-20240312"

react-reconciler@^0.27.0:
  version "0.27.0"
  resolved "https://registry.yarnpkg.com/react-reconciler/-/react-reconciler-0.27.0.tgz#360124fdf2d76447c7491ee5f0e04503ed9acf5b"
  integrity sha512-HmMDKciQjYmBRGuuhIaKA1ba/7a+UsM5FzOZsMO2JYHt9Jh8reCb7j1eDC95NOyUlKM9KRyvdx0flBuDvYSBoA==
  dependencies:
    loose-envify "^1.1.0"
    scheduler "^0.21.0"

react-shallow-renderer@^16.15.0:
  version "16.15.0"
  resolved "https://registry.yarnpkg.com/react-shallow-renderer/-/react-shallow-renderer-16.15.0.tgz#48fb2cf9b23d23cde96708fe5273a7d3446f4457"
  integrity sha512-oScf2FqQ9LFVQgA73vr86xl2NaOIX73rh+YFqcOp68CWj56tSfgtGKrEbyhCj0rSijyG9M1CYprTh39fBi5hzA==
  dependencies:
    object-assign "^4.1.1"
    react-is "^16.12.0 || ^17.0.0 || ^18.0.0"

react-test-renderer@0.0.0-experimental-eb33bd747-20240312:
  version "0.0.0-experimental-eb33bd747-20240312"
  resolved "https://registry.yarnpkg.com/react-test-renderer/-/react-test-renderer-0.0.0-experimental-eb33bd747-20240312.tgz#8b2c61ec781847ba06cf1236456d6c7f5a4c26bb"
  integrity sha512-QXV98DZIbIVUtvqY2Ixz6pSSStxP/TPY0YqXLG9ibgF3AoOD1j4HY9naniPxs9SxXJFDrl4Mxd/fx/FoXHD/Bw==
  dependencies:
    react-is "0.0.0-experimental-eb33bd747-20240312"
    react-shallow-renderer "^16.15.0"
    scheduler "0.0.0-experimental-eb33bd747-20240312"

react@0.0.0-experimental-eb33bd747-20240312:
  version "0.0.0-experimental-eb33bd747-20240312"
  resolved "https://registry.yarnpkg.com/react/-/react-0.0.0-experimental-eb33bd747-20240312.tgz#52ac70ec8f5d33ec950b8b3fd0f623e4a6d1dc90"
  integrity sha512-fTSjcXbuBBJRnTCvT6fHJ01eCeDCPRXW+fPTiL0f2KJ56l6q29Jl6YoB/0Lbif6l3T+4iJh1gGTZ+lFhQ/cycg==

resolve@^1.22.1:
  version "1.22.1"
  resolved "https://registry.yarnpkg.com/resolve/-/resolve-1.22.1.tgz#27cb2ebb53f91abb49470a928bba7558066ac177"
  integrity sha512-nBpuuYuY5jFsli/JIs1oldw6fOQCBioohqWZg/2hiaOybXOft4lonv85uDOKXdf8rhyK159cxU5cDcK/NKk8zw==
  dependencies:
    is-core-module "^2.9.0"
    path-parse "^1.0.7"
    supports-preserve-symlinks-flag "^1.0.0"

rimraf@^3.0.2:
  version "3.0.2"
  resolved "https://registry.yarnpkg.com/rimraf/-/rimraf-3.0.2.tgz#f1a5402ba6220ad52cc1282bac1ae3aa49fd061a"
  integrity sha512-JZkJMZkAGFFPP2YqXZXPbMlMBgsxzE8ILs4lMIX/2o0L9UBw9O/Y3o6wFw/i9YLapcUJWwqbi3kdxIPdC62TIA==
  dependencies:
    glob "^7.1.3"

rollup@~2.78.0:
  version "2.78.1"
  resolved "https://registry.yarnpkg.com/rollup/-/rollup-2.78.1.tgz#52fe3934d9c83cb4f7c4cb5fb75d88591be8648f"
  integrity sha512-VeeCgtGi4P+o9hIg+xz4qQpRl6R401LWEXBmxYKOV4zlF82lyhgh2hTZnheFUbANE8l2A41F458iwj2vEYaXJg==
  optionalDependencies:
    fsevents "~2.3.2"

scheduler@0.0.0-experimental-eb33bd747-20240312:
  version "0.0.0-experimental-eb33bd747-20240312"
  resolved "https://registry.yarnpkg.com/scheduler/-/scheduler-0.0.0-experimental-eb33bd747-20240312.tgz#a9e7d6b71ef680f0be46667de0776256c04fba3f"
  integrity sha512-XAPn2WeniGzSK4XEr/Yl9cPfWUqwrRx9pTi3FM54PkwGbsjgiLB+KC2Nb15c7C9zN+eg255cMvb2UwNDdW9e8A==

scheduler@^0.21.0:
  version "0.21.0"
  resolved "https://registry.yarnpkg.com/scheduler/-/scheduler-0.21.0.tgz#6fd2532ff5a6d877b6edb12f00d8ab7e8f308820"
  integrity sha512-1r87x5fz9MXqswA2ERLo0EbOAU74DpIUO090gIasYTqlVoJeMcl+Z1Rg7WHz+qtPujhS/hGIt9kxZOYBV3faRQ==
  dependencies:
    loose-envify "^1.1.0"

source-map-js@^1.0.2:
  version "1.0.2"
  resolved "https://registry.yarnpkg.com/source-map-js/-/source-map-js-1.0.2.tgz#adbc361d9c62df380125e7f161f71c826f1e490c"
  integrity sha512-R0XvVJ9WusLiqTCEiGCmICCMplcCkIwwR11mOSD9CR5u+IXYdiseeEuXCVAjS54zqwkLcPNnmU4OeJ6tUrWhDw==

strip-literal@^0.4.1:
  version "0.4.2"
  resolved "https://registry.yarnpkg.com/strip-literal/-/strip-literal-0.4.2.tgz#4f9fa6c38bb157b924e9ace7155ebf8a2342cbcf"
  integrity sha512-pv48ybn4iE1O9RLgCAN0iU4Xv7RlBTiit6DKmMiErbs9x1wH6vXBs45tWc0H5wUIF6TLTrKweqkmYF/iraQKNw==
  dependencies:
    acorn "^8.8.0"

supports-preserve-symlinks-flag@^1.0.0:
  version "1.0.0"
  resolved "https://registry.yarnpkg.com/supports-preserve-symlinks-flag/-/supports-preserve-symlinks-flag-1.0.0.tgz#6eda4bd344a3c94aea376d4cc31bc77311039e09"
  integrity sha512-ot0WnXS9fgdkgIcePe6RHNk1WA8+muPa6cSjeR3V8K27q9BB1rTE3R1p7Hv0z1ZyAc8s6Vvv8DIyWf681MAt0w==

suspend-react@^0.0.8:
  version "0.0.8"
  resolved "https://registry.yarnpkg.com/suspend-react/-/suspend-react-0.0.8.tgz#b0740c1386b4eb652f17affe4339915ee268bd31"
  integrity sha512-ZC3r8Hu1y0dIThzsGw0RLZplnX9yXwfItcvaIzJc2VQVi8TGyGDlu92syMB5ulybfvGLHAI5Ghzlk23UBPF8xg==

tinybench@^2.1.5:
  version "2.1.5"
  resolved "https://registry.yarnpkg.com/tinybench/-/tinybench-2.1.5.tgz#6864341415ff0f912ed160cfd90b7f833ece674c"
  integrity sha512-ak+PZZEuH3mw6CCFOgf5S90YH0MARnZNhxjhjguAmoJimEMAJuNip/rJRd6/wyylHItomVpKTzZk9zrhTrQCoQ==

tinypool@^0.3.0:
  version "0.3.0"
  resolved "https://registry.yarnpkg.com/tinypool/-/tinypool-0.3.0.tgz#c405d8b743509fc28ea4ca358433190be654f819"
  integrity sha512-NX5KeqHOBZU6Bc0xj9Vr5Szbb1j8tUHIeD18s41aDJaPeC5QTdEhK0SpdpUrZlj2nv5cctNcSjaKNanXlfcVEQ==

tinyspy@^1.0.2:
  version "1.0.2"
  resolved "https://registry.yarnpkg.com/tinyspy/-/tinyspy-1.0.2.tgz#6da0b3918bfd56170fb3cd3a2b5ef832ee1dff0d"
  integrity sha512-bSGlgwLBYf7PnUsQ6WOc6SJ3pGOcd+d8AA6EUnLDDM0kWEstC1JIlSZA3UNliDXhd9ABoS7hiRBDCu+XP/sf1Q==

type-detect@^4.0.0, type-detect@^4.0.5:
  version "4.0.8"
  resolved "https://registry.yarnpkg.com/type-detect/-/type-detect-4.0.8.tgz#7646fb5f18871cfbb7749e69bd39a6388eb7450c"
  integrity sha512-0fr/mIH1dlO+x7TlcMy+bIDqKPsw/70tVyeHW787goQjhmqaZe10uwLujubK9q9Lg6Fiho1KUKDYz0Z7k7g5/g==

typescript@^4.7.4:
  version "4.8.3"
  resolved "https://registry.yarnpkg.com/typescript/-/typescript-4.8.3.tgz#d59344522c4bc464a65a730ac695007fdb66dd88"
  integrity sha512-goMHfm00nWPa8UvR/CPSvykqf6dVV8x/dp0c5mFTMTIu0u0FlGWRioyy7Nn0PGAdHxpJZnuO/ut+PpQ8UiHAig==

"vite@^2.9.12 || ^3.0.0-0", vite@^3.1.0:
  version "3.1.3"
  resolved "https://registry.yarnpkg.com/vite/-/vite-3.1.3.tgz#b2a0821c11aae124bb7618f8036913c689afcc59"
  integrity sha512-/3XWiktaopByM5bd8dqvHxRt5EEgRikevnnrpND0gRfNkrMrPaGGexhtLCzv15RcCMtV2CLw+BPas8YFeSG0KA==
  dependencies:
    esbuild "^0.15.6"
    postcss "^8.4.16"
    resolve "^1.22.1"
    rollup "~2.78.0"
  optionalDependencies:
    fsevents "~2.3.2"

vitest@^0.23.1:
  version "0.23.4"
  resolved "https://registry.yarnpkg.com/vitest/-/vitest-0.23.4.tgz#7ebea620f203f4df09a27ca17819dc9da61f88ef"
  integrity sha512-iukBNWqQAv8EKDBUNntspLp9SfpaVFbmzmM0sNcnTxASQZMzRw3PsM6DMlsHiI+I6GeO5/sYDg3ecpC+SNFLrQ==
  dependencies:
    "@types/chai" "^4.3.3"
    "@types/chai-subset" "^1.3.3"
    "@types/node" "*"
    chai "^4.3.6"
    debug "^4.3.4"
    local-pkg "^0.4.2"
    strip-literal "^0.4.1"
    tinybench "^2.1.5"
    tinypool "^0.3.0"
    tinyspy "^1.0.2"
    vite "^2.9.12 || ^3.0.0-0"

wrappy@1:
  version "1.0.2"
  resolved "https://registry.yarnpkg.com/wrappy/-/wrappy-1.0.2.tgz#b5243d8f3ec1aa35f1364605bc0d1036e30ab69f"
  integrity sha512-l4Sp/DRseor9wL6EvV2+TuQn63dMkPjZ/sp9XkghTEbV9KlPS1xUsZ3u7/IQO4wxtcFB4bgpQPRcR3QCvezPcQ==
